
Microsoft Visual Studio Solution File, Format Version 12.00
# Visual Studio 15
Project("{FAE04EC0-301F-11D3-BF4B-00C04F79EFBC}") = "Assembly-CSharp", "Assembly-CSharp.csproj", "{512D9F21-350A-4B2D-4B24-1C6A3C8AF49B}"
EndProject
Project("{FAE04EC0-301F-11D3-BF4B-00C04F79EFBC}") = "Assembly-CSharp-Editor", "Assembly-CSharp-Editor.csproj", "{E6982BE8-C267-51BC-A17A-AE5A4FA1B7BE}"
EndProject
Global
	GlobalSection(SolutionConfigurationPlatforms) = preSolution
		Debug|Any CPU = Debug|Any CPU
		Release|Any CPU = Release|Any CPU
	EndGlobalSection
	GlobalSection(ProjectConfigurationPlatforms) = postSolution
		{512D9F21-350A-4B2D-4B24-1C6A3C8AF49B}.Debug|Any CPU.ActiveCfg = Debug|Any CPU
		{512D9F21-350A-4B2D-4B24-1C6A3C8AF49B}.Debug|Any CPU.Build.0 = Debug|Any CPU
		{512D9F21-350A-4B2D-4B24-1C6A3C8AF49B}.Release|Any CPU.ActiveCfg = Release|Any CPU
		{512D9F21-350A-4B2D-4B24-1C6A3C8AF49B}.Release|Any CPU.Build.0 = Release|Any CPU
		{E6982BE8-C267-51BC-A17A-AE5A4FA1B7BE}.Debug|Any CPU.ActiveCfg = Debug|Any CPU
		{E6982BE8-C267-51BC-A17A-AE5A4FA1B7BE}.Debug|Any CPU.Build.0 = Debug|Any CPU
		{E6982BE8-C267-51BC-A17A-AE5A4FA1B7BE}.Release|Any CPU.ActiveCfg = Release|Any CPU
		{E6982BE8-C267-51BC-A17A-AE5A4FA1B7BE}.Release|Any CPU.Build.0 = Release|Any CPU
	EndGlobalSection
	GlobalSection(SolutionProperties) = preSolution
		HideSolutionNode = FALSE
	EndGlobalSection
EndGlobal
